
Microsoft Visual Studio Solution File, Format Version 12.00
# Visual Studio Version 17
VisualStudioVersion = 17.6.33801.468
MinimumVisualStudioVersion = 10.0.40219.1
Project("{FAE04EC0-301F-11D3-BF4B-00C04F79EFBC}") = "FuelCalculation", "FuelCalculation.csproj", "{1559DB4A-12C5-4E72-A183-968757273BB6}"
EndProject
Global
	GlobalSection(SolutionConfigurationPlatforms) = preSolution
		Debug|Any CPU = Debug|Any CPU
		Release|Any CPU = Release|Any CPU
	EndGlobalSection
	GlobalSection(ProjectConfigurationPlatforms) = postSolution
		{1559DB4A-12C5-4E72-A183-968757273BB6}.Debug|Any CPU.ActiveCfg = Debug|Any CPU
		{1559DB4A-12C5-4E72-A183-968757273BB6}.Debug|Any CPU.Build.0 = Debug|Any CPU
		{1559DB4A-12C5-4E72-A183-968757273BB6}.Release|Any CPU.ActiveCfg = Release|Any CPU
		{1559DB4A-12C5-4E72-A183-968757273BB6}.Release|Any CPU.Build.0 = Release|Any CPU
	EndGlobalSection
	GlobalSection(SolutionProperties) = preSolution
		HideSolutionNode = FALSE
	EndGlobalSection
	GlobalSection(ExtensibilityGlobals) = postSolution
		SolutionGuid = {6356CDAE-447B-420F-8E2C-E2184D884687}
	EndGlobalSection
EndGlobal
